
Microsoft Visual Studio Solution File, Format Version 12.00
# Visual Studio Version 17
VisualStudioVersion = 17.8.34330.188
MinimumVisualStudioVersion = 10.0.40219.1
Project("{8BC9CEB8-8B4A-11D0-8D11-00A0C91BC942}") = "Бинарный поиск упр.1.1", "Бинарный поиск упр.1.1\Бинарный поиск упр.1.1.vcxproj", "{932626B5-99B2-4043-B9BB-C92425260B8C}"
EndProject
Global
	GlobalSection(SolutionConfigurationPlatforms) = preSolution
		Debug|x64 = Debug|x64
		Debug|x86 = Debug|x86
		Release|x64 = Release|x64
		Release|x86 = Release|x86
	EndGlobalSection
	GlobalSection(ProjectConfigurationPlatforms) = postSolution
		{932626B5-99B2-4043-B9BB-C92425260B8C}.Debug|x64.ActiveCfg = Debug|x64
		{932626B5-99B2-4043-B9BB-C92425260B8C}.Debug|x64.Build.0 = Debug|x64
		{932626B5-99B2-4043-B9BB-C92425260B8C}.Debug|x86.ActiveCfg = Debug|Win32
		{932626B5-99B2-4043-B9BB-C92425260B8C}.Debug|x86.Build.0 = Debug|Win32
		{932626B5-99B2-4043-B9BB-C92425260B8C}.Release|x64.ActiveCfg = Release|x64
		{932626B5-99B2-4043-B9BB-C92425260B8C}.Release|x64.Build.0 = Release|x64
		{932626B5-99B2-4043-B9BB-C92425260B8C}.Release|x86.ActiveCfg = Release|Win32
		{932626B5-99B2-4043-B9BB-C92425260B8C}.Release|x86.Build.0 = Release|Win32
	EndGlobalSection
	GlobalSection(SolutionProperties) = preSolution
		HideSolutionNode = FALSE
	EndGlobalSection
	GlobalSection(ExtensibilityGlobals) = postSolution
		SolutionGuid = {ED48D9AC-3E8E-4938-A9B8-6511F7636647}
	EndGlobalSection
EndGlobal
